{
  "name": "uri-kmp",
  "version": "0.0.21-SNAPSHOT",
  "lockfileVersion": 3,
  "requires": true,
  "packages": {
    "": {
      "name": "uri-kmp",
      "version": "0.0.21-SNAPSHOT",
      "workspaces": [
        "packages/uri-kmp-uri",
        "packages/uri-kmp-uri-test"
      ],
      "devDependencies": {}
    },
    "node_modules/uri-kmp-uri": {
      "resolved": "packages/uri-kmp-uri",
      "link": true
    },
    "node_modules/uri-kmp-uri-test": {
      "resolved": "packages/uri-kmp-uri-test",
      "link": true
    },
    "packages/uri-kmp-uri": {
      "version": "0.0.21-SNAPSHOT",
      "devDependencies": {}
    },
    "packages/uri-kmp-uri-test": {
      "version": "0.0.21-SNAPSHOT",
      "devDependencies": {}
    }
  }
}
